{
  "nodes": {
    "btf": {
      "inputs": {
        "nixpkgs": [
          "nixpkgs"
        ]
      },
      "locked": {
        "lastModified": 1638283356,
        "narHash": "sha256-gZh3GTLP9XdQEvKX+93wmtuE6I2KLBGDQh81zANtIp0=",
        "owner": "chrispickard",
        "repo": "btf",
        "rev": "aea166ab89bfae7759504d8be614b4d849fc039a",
        "type": "github"
      },
      "original": {
        "owner": "chrispickard",
        "repo": "btf",
        "type": "github"
      }
    },
    "comma": {
      "flake": false,
      "locked": {
        "lastModified": 1597348642,
        "narHash": "sha256-cSvfhfWJJNOpiDUlWQWRdIUjIVchHW52Pwzfu+7cJJo=",
        "owner": "Shopify",
        "repo": "comma",
        "rev": "60a4cf8ec5c93104d3cfb9fc5a5bac8fb18cc8e4",
        "type": "github"
      },
      "original": {
        "owner": "Shopify",
        "repo": "comma",
        "rev": "60a4cf8ec5c93104d3cfb9fc5a5bac8fb18cc8e4",
        "type": "github"
      }
    },
    "emacs-overlay": {
      "locked": {
        "lastModified": 1638293342,
        "narHash": "sha256-h76u8CEgoVtnljI+q+HvuVEg1iSXAgg2JKyLt0uwRTE=",
        "owner": "nix-community",
        "repo": "emacs-overlay",
        "rev": "6961edfe6be910db4f7cf5decfafcb29c89201e2",
        "type": "github"
      },
      "original": {
        "owner": "nix-community",
        "repo": "emacs-overlay",
        "type": "github"
      }
    },
    "home-manager": {
      "inputs": {
        "nixpkgs": [
          "nixpkgs"
        ]
      },
      "locked": {
        "lastModified": 1638311312,
        "narHash": "sha256-OMAd3WZ/VtMK0QQwDrrynP6+jOlWLd1yQtnW56+eZtA=",
        "owner": "nix-community",
        "repo": "home-manager",
        "rev": "f23073f1daa769a28a12ac587eea487aa8afb196",
        "type": "github"
      },
      "original": {
        "owner": "nix-community",
        "ref": "master",
        "repo": "home-manager",
        "type": "github"
      }
    },
    "mozilla-overlay": {
      "flake": false,
      "locked": {
        "lastModified": 1637337116,
        "narHash": "sha256-LKqAcdL+woWeYajs02bDQ7q8rsqgXuzhC354NoRaV80=",
        "owner": "mozilla",
        "repo": "nixpkgs-mozilla",
        "rev": "cbc7435f5b0b3d17b16fb1d20cf7b616eec5e093",
        "type": "github"
      },
      "original": {
        "owner": "mozilla",
        "repo": "nixpkgs-mozilla",
        "type": "github"
      }
    },
    "nixpkgs": {
      "locked": {
        "lastModified": 1638336326,
        "narHash": "sha256-9CkeASYMsHfcwdZezva5GYhEMB9KugivxsfneVAvaeo=",
        "owner": "nixos",
        "repo": "nixpkgs",
        "rev": "3f03bdbceb4953c4b9e1cc672e90c96f9e95d2bc",
        "type": "github"
      },
      "original": {
        "owner": "nixos",
        "ref": "nixpkgs-unstable",
        "repo": "nixpkgs",
        "type": "github"
      }
    },
    "root": {
      "inputs": {
        "btf": "btf",
        "comma": "comma",
        "emacs-overlay": "emacs-overlay",
        "home-manager": "home-manager",
        "mozilla-overlay": "mozilla-overlay",
        "nixpkgs": "nixpkgs"
      }
    }
  },
  "root": "root",
  "version": 7
}
