{
  "nodes": {
    "btf": {
      "inputs": {
        "nixpkgs": [
          "nixpkgs"
        ]
      },
      "locked": {
        "lastModified": 1654196605,
        "narHash": "sha256-hHHGOjVPTgeR1EMvVmQnpVfv9zq76pPtX5kdMg1SO/0=",
        "owner": "chrispickard",
        "repo": "btf",
        "rev": "116c3d26bb46fa1d968545016c86f61b417b2131",
        "type": "github"
      },
      "original": {
        "owner": "chrispickard",
        "repo": "btf",
        "type": "github"
      }
    },
    "comma": {
      "flake": false,
      "locked": {
        "lastModified": 1597348642,
        "narHash": "sha256-cSvfhfWJJNOpiDUlWQWRdIUjIVchHW52Pwzfu+7cJJo=",
        "owner": "Shopify",
        "repo": "comma",
        "rev": "60a4cf8ec5c93104d3cfb9fc5a5bac8fb18cc8e4",
        "type": "github"
      },
      "original": {
        "owner": "Shopify",
        "repo": "comma",
        "rev": "60a4cf8ec5c93104d3cfb9fc5a5bac8fb18cc8e4",
        "type": "github"
      }
    },
    "emacs-overlay": {
      "inputs": {
        "flake-utils": "flake-utils",
        "nixpkgs": [
          "nixpkgs"
        ]
      },
      "locked": {
        "lastModified": 1661168755,
        "narHash": "sha256-eVhR8ZykWIAPT+GQW9fTzA5sj6qgE7Y3PAqwz4tPHDw=",
        "owner": "nix-community",
        "repo": "emacs-overlay",
        "rev": "f7084ae4176f6779f8de9bfa724e67002db3174c",
        "type": "github"
      },
      "original": {
        "owner": "nix-community",
        "repo": "emacs-overlay",
        "type": "github"
      }
    },
    "flake-utils": {
      "locked": {
        "lastModified": 1659877975,
        "narHash": "sha256-zllb8aq3YO3h8B/U0/J1WBgAL8EX5yWf5pMj3G0NAmc=",
        "owner": "numtide",
        "repo": "flake-utils",
        "rev": "c0e246b9b83f637f4681389ecabcb2681b4f3af0",
        "type": "github"
      },
      "original": {
        "owner": "numtide",
        "repo": "flake-utils",
        "type": "github"
      }
    },
    "home-manager": {
      "inputs": {
        "nixpkgs": [
          "nixpkgs"
        ],
        "utils": "utils"
      },
      "locked": {
        "lastModified": 1660574517,
        "narHash": "sha256-Lp5D2pAPrM3iAc1eeR0iGwz5rM+SYOWzVxI3p17nlrU=",
        "owner": "nix-community",
        "repo": "home-manager",
        "rev": "688e5c85b7537f308b82167c8eb4ecfb70a49861",
        "type": "github"
      },
      "original": {
        "owner": "nix-community",
        "ref": "master",
        "repo": "home-manager",
        "type": "github"
      }
    },
    "mozilla-overlay": {
      "flake": false,
      "locked": {
        "lastModified": 1657214286,
        "narHash": "sha256-rO/4oymKXU09wG2bcTt4uthPCp1XsBZjxuCJo3yVXNs=",
        "owner": "mozilla",
        "repo": "nixpkgs-mozilla",
        "rev": "0508a66e28a5792fdfb126bbf4dec1029c2509e0",
        "type": "github"
      },
      "original": {
        "owner": "mozilla",
        "repo": "nixpkgs-mozilla",
        "type": "github"
      }
    },
    "nixpkgs": {
      "locked": {
        "lastModified": 1661151577,
        "narHash": "sha256-++S0TuJtuz9IpqP8rKktWyHZKpgdyrzDFUXVY07MTRI=",
        "owner": "nixos",
        "repo": "nixpkgs",
        "rev": "54060e816971276da05970a983487a25810c38a7",
        "type": "github"
      },
      "original": {
        "owner": "nixos",
        "ref": "nixpkgs-unstable",
        "repo": "nixpkgs",
        "type": "github"
      }
    },
    "nixpkgs-stable": {
      "locked": {
        "lastModified": 1661150326,
        "narHash": "sha256-OwETMirCFh/Me5p6zhLIJjiHG+kXxV250fUHmR1PVt0=",
        "owner": "nixos",
        "repo": "nixpkgs",
        "rev": "4aae6a9e43a3d3f70808e8be2a109bca00b1a9a7",
        "type": "github"
      },
      "original": {
        "owner": "nixos",
        "ref": "release-22.05",
        "repo": "nixpkgs",
        "type": "github"
      }
    },
    "root": {
      "inputs": {
        "btf": "btf",
        "comma": "comma",
        "emacs-overlay": "emacs-overlay",
        "home-manager": "home-manager",
        "mozilla-overlay": "mozilla-overlay",
        "nixpkgs": "nixpkgs",
        "nixpkgs-stable": "nixpkgs-stable"
      }
    },
    "utils": {
      "locked": {
        "lastModified": 1653893745,
        "narHash": "sha256-0jntwV3Z8//YwuOjzhV2sgJJPt+HY6KhU7VZUL0fKZQ=",
        "owner": "numtide",
        "repo": "flake-utils",
        "rev": "1ed9fb1935d260de5fe1c2f7ee0ebaae17ed2fa1",
        "type": "github"
      },
      "original": {
        "owner": "numtide",
        "repo": "flake-utils",
        "type": "github"
      }
    }
  },
  "root": "root",
  "version": 7
}
