{
  "nodes": {
    "btf": {
      "inputs": {
        "nixpkgs": [
          "nixpkgs"
        ]
      },
      "locked": {
        "lastModified": 1654196605,
        "narHash": "sha256-hHHGOjVPTgeR1EMvVmQnpVfv9zq76pPtX5kdMg1SO/0=",
        "owner": "chrispickard",
        "repo": "btf",
        "rev": "116c3d26bb46fa1d968545016c86f61b417b2131",
        "type": "github"
      },
      "original": {
        "owner": "chrispickard",
        "repo": "btf",
        "type": "github"
      }
    },
    "comma": {
      "flake": false,
      "locked": {
        "lastModified": 1597348642,
        "narHash": "sha256-cSvfhfWJJNOpiDUlWQWRdIUjIVchHW52Pwzfu+7cJJo=",
        "owner": "Shopify",
        "repo": "comma",
        "rev": "60a4cf8ec5c93104d3cfb9fc5a5bac8fb18cc8e4",
        "type": "github"
      },
      "original": {
        "owner": "Shopify",
        "repo": "comma",
        "rev": "60a4cf8ec5c93104d3cfb9fc5a5bac8fb18cc8e4",
        "type": "github"
      }
    },
    "emacs-overlay": {
      "inputs": {
        "flake-utils": "flake-utils",
        "nixpkgs": "nixpkgs"
      },
      "locked": {
        "lastModified": 1655290946,
        "narHash": "sha256-MIumtZzaSSzomOchMTSKAiA/hCfqpaMGj3TX0TwAchE=",
        "owner": "nix-community",
        "repo": "emacs-overlay",
        "rev": "5a16283b229aa4e7403a35b01ef2cc538c33dc03",
        "type": "github"
      },
      "original": {
        "owner": "nix-community",
        "repo": "emacs-overlay",
        "type": "github"
      }
    },
    "flake-compat": {
      "flake": false,
      "locked": {
        "lastModified": 1650374568,
        "narHash": "sha256-Z+s0J8/r907g149rllvwhb4pKi8Wam5ij0st8PwAh+E=",
        "owner": "edolstra",
        "repo": "flake-compat",
        "rev": "b4a34015c698c7793d592d66adbab377907a2be8",
        "type": "github"
      },
      "original": {
        "owner": "edolstra",
        "repo": "flake-compat",
        "type": "github"
      }
    },
    "flake-utils": {
      "locked": {
        "lastModified": 1653893745,
        "narHash": "sha256-0jntwV3Z8//YwuOjzhV2sgJJPt+HY6KhU7VZUL0fKZQ=",
        "owner": "numtide",
        "repo": "flake-utils",
        "rev": "1ed9fb1935d260de5fe1c2f7ee0ebaae17ed2fa1",
        "type": "github"
      },
      "original": {
        "owner": "numtide",
        "repo": "flake-utils",
        "type": "github"
      }
    },
    "home-manager": {
      "inputs": {
        "flake-compat": "flake-compat",
        "nixpkgs": [
          "nixpkgs"
        ],
        "nmd": "nmd",
        "nmt": "nmt",
        "utils": "utils"
      },
      "locked": {
        "lastModified": 1655199284,
        "narHash": "sha256-R/g2ZWplGWVOfm2TyB4kR+YcOE/uWkgjkYrl/RYgJ/U=",
        "owner": "nix-community",
        "repo": "home-manager",
        "rev": "87d30c164849a7471d99749aa4d2d28b81564f69",
        "type": "github"
      },
      "original": {
        "owner": "nix-community",
        "ref": "master",
        "repo": "home-manager",
        "type": "github"
      }
    },
    "mozilla-overlay": {
      "flake": false,
      "locked": {
        "lastModified": 1650459918,
        "narHash": "sha256-sroCK+QJTmoXtcRkwZyKOP9iAYOPID2Bwdxn4GkG16w=",
        "owner": "mozilla",
        "repo": "nixpkgs-mozilla",
        "rev": "e1f7540fc0a8b989fb8cf701dc4fd7fc76bcf168",
        "type": "github"
      },
      "original": {
        "owner": "mozilla",
        "repo": "nixpkgs-mozilla",
        "type": "github"
      }
    },
    "nixpkgs": {
      "locked": {
        "lastModified": 1655273078,
        "narHash": "sha256-jlcD35mFKn7CQHUgUa0E79QrS5+5A+/Gh3BI2y/PC3U=",
        "owner": "NixOS",
        "repo": "nixpkgs",
        "rev": "29399e5ad1660668b61247c99894fc2fb97b4e74",
        "type": "github"
      },
      "original": {
        "id": "nixpkgs",
        "type": "indirect"
      }
    },
    "nixpkgs_2": {
      "locked": {
        "lastModified": 1655273078,
        "narHash": "sha256-jlcD35mFKn7CQHUgUa0E79QrS5+5A+/Gh3BI2y/PC3U=",
        "owner": "nixos",
        "repo": "nixpkgs",
        "rev": "29399e5ad1660668b61247c99894fc2fb97b4e74",
        "type": "github"
      },
      "original": {
        "owner": "nixos",
        "ref": "nixpkgs-unstable",
        "repo": "nixpkgs",
        "type": "github"
      }
    },
    "nmd": {
      "flake": false,
      "locked": {
        "lastModified": 1653339422,
        "narHash": "sha256-8nc7lcYOgih3YEmRMlBwZaLLJYpLPYKBlewqHqx8ieg=",
        "owner": "rycee",
        "repo": "nmd",
        "rev": "9e7a20e6ee3f6751f699f79c0b299390f81f7bcd",
        "type": "gitlab"
      },
      "original": {
        "owner": "rycee",
        "repo": "nmd",
        "type": "gitlab"
      }
    },
    "nmt": {
      "flake": false,
      "locked": {
        "lastModified": 1648075362,
        "narHash": "sha256-u36WgzoA84dMVsGXzml4wZ5ckGgfnvS0ryzo/3zn/Pc=",
        "owner": "rycee",
        "repo": "nmt",
        "rev": "d83601002c99b78c89ea80e5e6ba21addcfe12ae",
        "type": "gitlab"
      },
      "original": {
        "owner": "rycee",
        "repo": "nmt",
        "type": "gitlab"
      }
    },
    "root": {
      "inputs": {
        "btf": "btf",
        "comma": "comma",
        "emacs-overlay": "emacs-overlay",
        "home-manager": "home-manager",
        "mozilla-overlay": "mozilla-overlay",
        "nixpkgs": "nixpkgs_2"
      }
    },
    "utils": {
      "locked": {
        "lastModified": 1653893745,
        "narHash": "sha256-0jntwV3Z8//YwuOjzhV2sgJJPt+HY6KhU7VZUL0fKZQ=",
        "owner": "numtide",
        "repo": "flake-utils",
        "rev": "1ed9fb1935d260de5fe1c2f7ee0ebaae17ed2fa1",
        "type": "github"
      },
      "original": {
        "owner": "numtide",
        "repo": "flake-utils",
        "type": "github"
      }
    }
  },
  "root": "root",
  "version": 7
}
