version = 1
revision = 3
requires-python = ">=3.10"

[[package]]
name = "dbus-next"
version = "0.2.3"
source = { registry = "https://pypi.org/simple" }
sdist = { url = "https://files.pythonhosted.org/packages/ce/45/6a40fbe886d60a8c26f480e7d12535502b5ba123814b3b9a0b002ebca198/dbus_next-0.2.3.tar.gz", hash = "sha256:f4eae26909332ada528c0a3549dda8d4f088f9b365153952a408e28023a626a5", size = 71112, upload-time = "2021-07-25T22:11:28.398Z" }
wheels = [
    { url = "https://files.pythonhosted.org/packages/d2/fc/c0a3f4c4eaa5a22fbef91713474666e13d0ea2a69c84532579490a9f2cc8/dbus_next-0.2.3-py3-none-any.whl", hash = "sha256:58948f9aff9db08316734c0be2a120f6dc502124d9642f55e90ac82ffb16a18b", size = 57885, upload-time = "2021-07-25T22:11:25.466Z" },
]

[[package]]
name = "dfiles"
version = "0.1.0"
source = { virtual = "." }
dependencies = [
    { name = "dbus-next" },
    { name = "libtmux" },
]

[package.metadata]
requires-dist = [
    { name = "dbus-next", specifier = ">=0.2.3" },
    { name = "libtmux", specifier = ">=0.46.2" },
]

[[package]]
name = "libtmux"
version = "0.46.2"
source = { registry = "https://pypi.org/simple" }
sdist = { url = "https://files.pythonhosted.org/packages/9c/aa/7e1dcaa097156d6f3a7d8669be4389dced997feeb81744e3ff4681d65ee8/libtmux-0.46.2.tar.gz", hash = "sha256:9a398fec5d714129c8344555d466e1a903dfc0f741ba07aabe75a8ceb25c5dda", size = 346887, upload-time = "2025-05-26T19:40:04.096Z" }
wheels = [
    { url = "https://files.pythonhosted.org/packages/d6/2f/9d207039fcfa00d3b30e4d765f062fbcc42c873c7518a8cfebb3eafd00e0/libtmux-0.46.2-py3-none-any.whl", hash = "sha256:6c32dbf22bde8e5e33b2714a4295f6e838dc640f337cd4c085a044f6828c7793", size = 60873, upload-time = "2025-05-26T19:40:02.284Z" },
]
