version = 1
revision = 3
requires-python = ">=3.10"

[[package]]
name = "dfiles"
version = "0.1.0"
source = { virtual = "." }
dependencies = [
    { name = "libtmux" },
]

[package.metadata]
requires-dist = [{ name = "libtmux", specifier = ">=0.46.2" }]

[[package]]
name = "libtmux"
version = "0.46.2"
source = { registry = "https://pypi.org/simple" }
sdist = { url = "https://files.pythonhosted.org/packages/9c/aa/7e1dcaa097156d6f3a7d8669be4389dced997feeb81744e3ff4681d65ee8/libtmux-0.46.2.tar.gz", hash = "sha256:9a398fec5d714129c8344555d466e1a903dfc0f741ba07aabe75a8ceb25c5dda", size = 346887, upload-time = "2025-05-26T19:40:04.096Z" }
wheels = [
    { url = "https://files.pythonhosted.org/packages/d6/2f/9d207039fcfa00d3b30e4d765f062fbcc42c873c7518a8cfebb3eafd00e0/libtmux-0.46.2-py3-none-any.whl", hash = "sha256:6c32dbf22bde8e5e33b2714a4295f6e838dc640f337cd4c085a044f6828c7793", size = 60873, upload-time = "2025-05-26T19:40:02.284Z" },
]
