version = 1
revision = 3
requires-python = ">=3.10"

[[package]]
name = "dbus-next"
version = "0.2.3"
source = { registry = "https://pypi.org/simple" }
sdist = { url = "https://files.pythonhosted.org/packages/ce/45/6a40fbe886d60a8c26f480e7d12535502b5ba123814b3b9a0b002ebca198/dbus_next-0.2.3.tar.gz", hash = "sha256:f4eae26909332ada528c0a3549dda8d4f088f9b365153952a408e28023a626a5", size = 71112, upload-time = "2021-07-25T22:11:28.398Z" }
wheels = [
    { url = "https://files.pythonhosted.org/packages/d2/fc/c0a3f4c4eaa5a22fbef91713474666e13d0ea2a69c84532579490a9f2cc8/dbus_next-0.2.3-py3-none-any.whl", hash = "sha256:58948f9aff9db08316734c0be2a120f6dc502124d9642f55e90ac82ffb16a18b", size = 57885, upload-time = "2021-07-25T22:11:25.466Z" },
]

[[package]]
name = "dfiles"
version = "0.1.0"
source = { virtual = "." }
dependencies = [
    { name = "dbus-next" },
    { name = "libtmux" },
]

[package.metadata]
requires-dist = [
    { name = "dbus-next", specifier = ">=0.2.3" },
    { name = "libtmux", specifier = ">=0.58.0" },
]

[[package]]
name = "libtmux"
version = "0.58.0"
source = { registry = "https://pypi.org/simple" }
sdist = { url = "https://files.pythonhosted.org/packages/65/4e/daccd4fd72ad3f17b8fb97f69403774d6c510b5d513521b454fdaedb0561/libtmux-0.58.0.tar.gz", hash = "sha256:abbe330bec2c45687a4bf417ee436373b37046afe123ba547495ee0448e1145a", size = 522080, upload-time = "2026-05-23T16:03:38.566Z" }
wheels = [
    { url = "https://files.pythonhosted.org/packages/49/d5/1cee7c13865d0d55ddb54709aaf85e0dc645e2998ce85ffce2c36d3bf08d/libtmux-0.58.0-py3-none-any.whl", hash = "sha256:1aec9875983a8eb121a8de7be7dffa6b97d9754c013ce960944d058764e47ec3", size = 113680, upload-time = "2026-05-23T16:03:37.049Z" },
]
